<?xml version="1.0" encoding="utf-8"?>
<Project ToolsVersion="4.0" xmlns="http://schemas.microsoft.com/developer/msbuild/2003">
  <ItemGroup>
    <Filter Include="Source Files">
      <UniqueIdentifier>{4FC737F1-C7A5-4376-A066-2A32D752A2FF}</UniqueIdentifier>
      <Extensions>cpp;c;cc;cxx;c++;cppm;ixx;def;odl;idl;hpj;bat;asm;asmx</Extensions>
    </Filter>
    <Filter Include="Header Files">
      <UniqueIdentifier>{93995380-89BD-4b04-88EB-625FBE52EBFB}</UniqueIdentifier>
      <Extensions>h;hh;hpp;hxx;h++;hm;inl;inc;ipp;xsd</Extensions>
    </Filter>
    <Filter Include="Resource Files">
      <UniqueIdentifier>{67DA6AB6-F800-4c08-8B7A-83BB121AAD01}</UniqueIdentifier>
      <Extensions>rc;ico;cur;bmp;dlg;rc2;rct;bin;rgs;gif;jpg;jpeg;jpe;resx;tiff;tif;png;wav;mfcribbon-ms</Extensions>
    </Filter>
  </ItemGroup>
  <ItemGroup>
    <ClInclude Include="framework.h">
      <Filter>Header Files</Filter>
    </ClInclude>
    <ClInclude Include="pch.h">
      <Filter>Header Files</Filter>
    </ClInclude>
    <ClInclude Include="dnn\CBaselineShape.h">
      <Filter>Header Files</Filter>
    </ClInclude>
    <ClInclude Include="fitting\ellipses_util.h">
      <Filter>Header Files</Filter>
    </ClInclude>
    <ClInclude Include="fitting\fit_util.h">
      <Filter>Header Files</Filter>
    </ClInclude>
    <ClInclude Include="dnn\CBasePoints.h">
      <Filter>Header Files</Filter>
    </ClInclude>
    <ClInclude Include="..\inc\JiaoShuiEllipseFit.h">
      <Filter>Header Files</Filter>
    </ClInclude>
    <ClInclude Include="fitting\internalproc.h">
      <Filter>Header Files</Filter>
    </ClInclude>
    <ClInclude Include="..\cvLib\cvcommon.h">
      <Filter>Header Files</Filter>
    </ClInclude>
    <ClInclude Include="..\inc\common.h">
      <Filter>Header Files</Filter>
    </ClInclude>
    <ClInclude Include="dnn\detect_features.h">
      <Filter>Header Files</Filter>
    </ClInclude>
    <ClInclude Include="dnn\DetBasePtOnHorizon.h">
      <Filter>Header Files</Filter>
    </ClInclude>
    <ClInclude Include="fitting\ManualFitting.h">
      <Filter>Header Files</Filter>
    </ClInclude>
    <ClInclude Include="fitting\fitting_defines.h">
      <Filter>Header Files</Filter>
    </ClInclude>
    <ClInclude Include="fitting\PinAngleFitting.h">
      <Filter>Header Files</Filter>
    </ClInclude>
    <ClInclude Include="fitting\NoPinAngleFitting.h">
      <Filter>Header Files</Filter>
    </ClInclude>
    <ClInclude Include="DropletWetting.h">
      <Filter>Header Files</Filter>
    </ClInclude>
    <ClInclude Include="dnn\detect_utils_on_horizonal.h">
      <Filter>Header Files</Filter>
    </ClInclude>
    <ClInclude Include="utils\internal.h">
      <Filter>Header Files</Filter>
    </ClInclude>
    <ClInclude Include="fitting\draw_utils.h">
      <Filter>Header Files</Filter>
    </ClInclude>
    <ClInclude Include="imgproc\HarrisCorner.h">
      <Filter>Header Files</Filter>
    </ClInclude>
    <ClInclude Include="utils\crc32.h">
      <Filter>Header Files</Filter>
    </ClInclude>
    <ClInclude Include="utils\security_hash.h">
      <Filter>Source Files</Filter>
    </ClInclude>
    <ClInclude Include="imgproc\SubpixelEdge.h">
      <Filter>Header Files</Filter>
    </ClInclude>
    <ClInclude Include="utils\common_math.h">
      <Filter>Header Files</Filter>
    </ClInclude>
    <ClInclude Include="imgproc\EdgeSlope.h">
      <Filter>Header Files</Filter>
    </ClInclude>
    <ClInclude Include="fitting\DropletFittingBase.h">
      <Filter>Header Files</Filter>
    </ClInclude>
    <ClInclude Include="DropletContext.h">
      <Filter>Header Files</Filter>
    </ClInclude>
  </ItemGroup>
  <ItemGroup>
    <ClCompile Include="dllmain.cpp">
      <Filter>Source Files</Filter>
    </ClCompile>
    <ClCompile Include="pch.cpp">
      <Filter>Source Files</Filter>
    </ClCompile>
    <ClCompile Include="dnn\CBaselineShape.cpp">
      <Filter>Source Files</Filter>
    </ClCompile>
    <ClCompile Include="fitting\ellipses_util.cpp">
      <Filter>Source Files</Filter>
    </ClCompile>
    <ClCompile Include="fitting\fit_util.cpp">
      <Filter>Source Files</Filter>
    </ClCompile>
    <ClCompile Include="dnn\CBasePoints.cpp">
      <Filter>Source Files</Filter>
    </ClCompile>
    <ClCompile Include="JiaoShuiEllipseFit.cpp">
      <Filter>Source Files</Filter>
    </ClCompile>
    <ClCompile Include="fitting\internalproc.cpp">
      <Filter>Source Files</Filter>
    </ClCompile>
    <ClCompile Include="..\cvLib\cvcommon.cpp">
      <Filter>Source Files</Filter>
    </ClCompile>
    <ClCompile Include="dnn\detect_features.cpp">
      <Filter>Source Files</Filter>
    </ClCompile>
    <ClCompile Include="dnn\DetBasePtOnHorizon.cpp">
      <Filter>Source Files</Filter>
    </ClCompile>
    <ClCompile Include="fitting\ManualFitting.cpp">
      <Filter>Source Files</Filter>
    </ClCompile>
    <ClCompile Include="fitting\PinAngleFitting.cpp">
      <Filter>Source Files</Filter>
    </ClCompile>
    <ClCompile Include="fitting\NoPinAngleFitting.cpp">
      <Filter>Source Files</Filter>
    </ClCompile>
    <ClCompile Include="DropletWetting.cpp">
      <Filter>Source Files</Filter>
    </ClCompile>
    <ClCompile Include="dnn\detect_utils_on_horizonal.cpp">
      <Filter>Source Files</Filter>
    </ClCompile>
    <ClCompile Include="utils\internal.cpp">
      <Filter>Source Files</Filter>
    </ClCompile>
    <ClCompile Include="fitting\draw_utils.cpp">
      <Filter>Source Files</Filter>
    </ClCompile>
    <ClCompile Include="imgproc\HarrisCorner.cpp">
      <Filter>Source Files</Filter>
    </ClCompile>
    <ClCompile Include="utils\crc32.cpp">
      <Filter>Source Files</Filter>
    </ClCompile>
    <ClCompile Include="utils\internal_core.cpp">
      <Filter>Source Files</Filter>
    </ClCompile>
    <ClCompile Include="imgproc\SubpixelEdge.cpp">
      <Filter>Source Files</Filter>
    </ClCompile>
    <ClCompile Include="imgproc\EdgeSlope.cpp">
      <Filter>Source Files</Filter>
    </ClCompile>
    <ClCompile Include="fitting\DropletFittingBase.cpp">
      <Filter>Source Files</Filter>
    </ClCompile>
    <ClCompile Include="DropletContext.cpp">
      <Filter>Source Files</Filter>
    </ClCompile>
  </ItemGroup>
</Project>